// !$*UTF8*$!
{
	archiveVersion = 1;
	classes = {
	};
	objectVersion = 50;
	objects = {

/* Begin PBXBuildFile section */
		932F78F92425D591001EEC66 /* Queue.swift in Sources */ = {isa = PBXBuildFile; fileRef = 932F78F82425D591001EEC66 /* Queue.swift */; };
		934B7059241FC86400841159 /* StringQuestions.swift in Sources */ = {isa = PBXBuildFile; fileRef = 934B7058241FC86400841159 /* StringQuestions.swift */; };
		936C43102415061C00A5D549 /* TreeQuestions.swift in Sources */ = {isa = PBXBuildFile; fileRef = 936C430F2415061C00A5D549 /* TreeQuestions.swift */; };
		93841463240AC0F300C5C973 /* ArrayQuestions.swift in Sources */ = {isa = PBXBuildFile; fileRef = 93841462240AC0F300C5C973 /* ArrayQuestions.swift */; };
		93841465240C9CC400C5C973 /* LinkedList.swift in Sources */ = {isa = PBXBuildFile; fileRef = 93841464240C9CC400C5C973 /* LinkedList.swift */; };
		93841467240C9DFB00C5C973 /* LinkedListQuestions.swift in Sources */ = {isa = PBXBuildFile; fileRef = 93841466240C9DFB00C5C973 /* LinkedListQuestions.swift */; };
		93CF514B23AE5C1800857A3D /* AppDelegate.swift in Sources */ = {isa = PBXBuildFile; fileRef = 93CF514A23AE5C1800857A3D /* AppDelegate.swift */; };
		93CF514D23AE5C1800857A3D /* SceneDelegate.swift in Sources */ = {isa = PBXBuildFile; fileRef = 93CF514C23AE5C1800857A3D /* SceneDelegate.swift */; };
		93CF514F23AE5C1800857A3D /* ViewController.swift in Sources */ = {isa = PBXBuildFile; fileRef = 93CF514E23AE5C1800857A3D /* ViewController.swift */; };
		93CF515223AE5C1800857A3D /* Main.storyboard in Resources */ = {isa = PBXBuildFile; fileRef = 93CF515023AE5C1800857A3D /* Main.storyboard */; };
		93CF515423AE5C1A00857A3D /* Assets.xcassets in Resources */ = {isa = PBXBuildFile; fileRef = 93CF515323AE5C1A00857A3D /* Assets.xcassets */; };
		93CF515723AE5C1A00857A3D /* LaunchScreen.storyboard in Resources */ = {isa = PBXBuildFile; fileRef = 93CF515523AE5C1A00857A3D /* LaunchScreen.storyboard */; };
		93DED8EC240DDC0C00D5592F /* TreeNode.swift in Sources */ = {isa = PBXBuildFile; fileRef = 93DED8EB240DDC0C00D5592F /* TreeNode.swift */; };
		93FD713B2427804D0098BAB9 /* BinaryTree.swift in Sources */ = {isa = PBXBuildFile; fileRef = 93FD713A2427804D0098BAB9 /* BinaryTree.swift */; };
/* End PBXBuildFile section */

/* Begin PBXFileReference section */
		932F78F82425D591001EEC66 /* Queue.swift */ = {isa = PBXFileReference; lastKnownFileType = sourcecode.swift; path = Queue.swift; sourceTree = "<group>"; };
		934B7058241FC86400841159 /* StringQuestions.swift */ = {isa = PBXFileReference; lastKnownFileType = sourcecode.swift; path = StringQuestions.swift; sourceTree = "<group>"; };
		936C430F2415061C00A5D549 /* TreeQuestions.swift */ = {isa = PBXFileReference; lastKnownFileType = sourcecode.swift; path = TreeQuestions.swift; sourceTree = "<group>"; };
		93841462240AC0F300C5C973 /* ArrayQuestions.swift */ = {isa = PBXFileReference; lastKnownFileType = sourcecode.swift; path = ArrayQuestions.swift; sourceTree = "<group>"; };
		93841464240C9CC400C5C973 /* LinkedList.swift */ = {isa = PBXFileReference; lastKnownFileType = sourcecode.swift; path = LinkedList.swift; sourceTree = "<group>"; };
		93841466240C9DFB00C5C973 /* LinkedListQuestions.swift */ = {isa = PBXFileReference; lastKnownFileType = sourcecode.swift; path = LinkedListQuestions.swift; sourceTree = "<group>"; };
		93CF514723AE5C1800857A3D /* DSQuestionBasket.app */ = {isa = PBXFileReference; explicitFileType = wrapper.application; includeInIndex = 0; path = DSQuestionBasket.app; sourceTree = BUILT_PRODUCTS_DIR; };
		93CF514A23AE5C1800857A3D /* AppDelegate.swift */ = {isa = PBXFileReference; lastKnownFileType = sourcecode.swift; path = AppDelegate.swift; sourceTree = "<group>"; };
		93CF514C23AE5C1800857A3D /* SceneDelegate.swift */ = {isa = PBXFileReference; lastKnownFileType = sourcecode.swift; path = SceneDelegate.swift; sourceTree = "<group>"; };
		93CF514E23AE5C1800857A3D /* ViewController.swift */ = {isa = PBXFileReference; lastKnownFileType = sourcecode.swift; path = ViewController.swift; sourceTree = "<group>"; };
		93CF515123AE5C1800857A3D /* Base */ = {isa = PBXFileReference; lastKnownFileType = file.storyboard; name = Base; path = Base.lproj/Main.storyboard; sourceTree = "<group>"; };
		93CF515323AE5C1A00857A3D /* Assets.xcassets */ = {isa = PBXFileReference; lastKnownFileType = folder.assetcatalog; path = Assets.xcassets; sourceTree = "<group>"; };
		93CF515623AE5C1A00857A3D /* Base */ = {isa = PBXFileReference; lastKnownFileType = file.storyboard; name = Base; path = Base.lproj/LaunchScreen.storyboard; sourceTree = "<group>"; };
		93CF515823AE5C1A00857A3D /* Info.plist */ = {isa = PBXFileReference; lastKnownFileType = text.plist.xml; path = Info.plist; sourceTree = "<group>"; };
		93DED8EB240DDC0C00D5592F /* TreeNode.swift */ = {isa = PBXFileReference; lastKnownFileType = sourcecode.swift; path = TreeNode.swift; sourceTree = "<group>"; };
		93FD713A2427804D0098BAB9 /* BinaryTree.swift */ = {isa = PBXFileReference; lastKnownFileType = sourcecode.swift; path = BinaryTree.swift; sourceTree = "<group>"; };
/* End PBXFileReference section */

/* Begin PBXFrameworksBuildPhase section */
		93CF514423AE5C1800857A3D /* Frameworks */ = {
			isa = PBXFrameworksBuildPhase;
			buildActionMask = 2147483647;
			files = (
			);
			runOnlyForDeploymentPostprocessing = 0;
		};
/* End PBXFrameworksBuildPhase section */

/* Begin PBXGroup section */
		9384145B240AC07200C5C973 /* Array */ = {
			isa = PBXGroup;
			children = (
				93841462240AC0F300C5C973 /* ArrayQuestions.swift */,
			);
			path = Array;
			sourceTree = "<group>";
		};
		9384145C240AC07C00C5C973 /* String */ = {
			isa = PBXGroup;
			children = (
				934B7058241FC86400841159 /* StringQuestions.swift */,
			);
			path = String;
			sourceTree = "<group>";
		};
		9384145D240AC09200C5C973 /* Tree */ = {
			isa = PBXGroup;
			children = (
				93DED8EB240DDC0C00D5592F /* TreeNode.swift */,
				936C430F2415061C00A5D549 /* TreeQuestions.swift */,
				93FD713A2427804D0098BAB9 /* BinaryTree.swift */,
			);
			path = Tree;
			sourceTree = "<group>";
		};
		9384145E240AC0BD00C5C973 /* LinkedList */ = {
			isa = PBXGroup;
			children = (
				93841464240C9CC400C5C973 /* LinkedList.swift */,
				93841466240C9DFB00C5C973 /* LinkedListQuestions.swift */,
			);
			path = LinkedList;
			sourceTree = "<group>";
		};
		9384145F240AC0C500C5C973 /* Stack */ = {
			isa = PBXGroup;
			children = (
			);
			path = Stack;
			sourceTree = "<group>";
		};
		93841460240AC0CA00C5C973 /* Queue */ = {
			isa = PBXGroup;
			children = (
				932F78F82425D591001EEC66 /* Queue.swift */,
			);
			path = Queue;
			sourceTree = "<group>";
		};
		93841461240AC0D000C5C973 /* Graph */ = {
			isa = PBXGroup;
			children = (
			);
			path = Graph;
			sourceTree = "<group>";
		};
		93CF513E23AE5C1800857A3D = {
			isa = PBXGroup;
			children = (
				93CF514923AE5C1800857A3D /* DSQuestionBasket */,
				93CF514823AE5C1800857A3D /* Products */,
			);
			sourceTree = "<group>";
		};
		93CF514823AE5C1800857A3D /* Products */ = {
			isa = PBXGroup;
			children = (
				93CF514723AE5C1800857A3D /* DSQuestionBasket.app */,
			);
			name = Products;
			sourceTree = "<group>";
		};
		93CF514923AE5C1800857A3D /* DSQuestionBasket */ = {
			isa = PBXGroup;
			children = (
				93CF514A23AE5C1800857A3D /* AppDelegate.swift */,
				93CF514C23AE5C1800857A3D /* SceneDelegate.swift */,
				93CF514E23AE5C1800857A3D /* ViewController.swift */,
				9384145C240AC07C00C5C973 /* String */,
				9384145B240AC07200C5C973 /* Array */,
				93841460240AC0CA00C5C973 /* Queue */,
				9384145F240AC0C500C5C973 /* Stack */,
				9384145E240AC0BD00C5C973 /* LinkedList */,
				93841461240AC0D000C5C973 /* Graph */,
				9384145D240AC09200C5C973 /* Tree */,
				93CF515023AE5C1800857A3D /* Main.storyboard */,
				93CF515323AE5C1A00857A3D /* Assets.xcassets */,
				93CF515523AE5C1A00857A3D /* LaunchScreen.storyboard */,
				93CF515823AE5C1A00857A3D /* Info.plist */,
			);
			path = DSQuestionBasket;
			sourceTree = "<group>";
		};
/* End PBXGroup section */

/* Begin PBXNativeTarget section */
		93CF514623AE5C1800857A3D /* DSQuestionBasket */ = {
			isa = PBXNativeTarget;
			buildConfigurationList = 93CF515B23AE5C1A00857A3D /* Build configuration list for PBXNativeTarget "DSQuestionBasket" */;
			buildPhases = (
				93CF514323AE5C1800857A3D /* Sources */,
				93CF514423AE5C1800857A3D /* Frameworks */,
				93CF514523AE5C1800857A3D /* Resources */,
			);
			buildRules = (
			);
			dependencies = (
			);
			name = DSQuestionBasket;
			productName = DSQuestionBasket;
			productReference = 93CF514723AE5C1800857A3D /* DSQuestionBasket.app */;
			productType = "com.apple.product-type.application";
		};
/* End PBXNativeTarget section */

/* Begin PBXProject section */
		93CF513F23AE5C1800857A3D /* Project object */ = {
			isa = PBXProject;
			attributes = {
				LastSwiftUpdateCheck = 1120;
				LastUpgradeCheck = 1120;
				ORGANIZATIONNAME = "G Abhisek";
				TargetAttributes = {
					93CF514623AE5C1800857A3D = {
						CreatedOnToolsVersion = 11.2.1;
					};
				};
			};
			buildConfigurationList = 93CF514223AE5C1800857A3D /* Build configuration list for PBXProject "DSQuestionBasket" */;
			compatibilityVersion = "Xcode 9.3";
			developmentRegion = en;
			hasScannedForEncodings = 0;
			knownRegions = (
				en,
				Base,
			);
			mainGroup = 93CF513E23AE5C1800857A3D;
			productRefGroup = 93CF514823AE5C1800857A3D /* Products */;
			projectDirPath = "";
			projectRoot = "";
			targets = (
				93CF514623AE5C1800857A3D /* DSQuestionBasket */,
			);
		};
/* End PBXProject section */

/* Begin PBXResourcesBuildPhase section */
		93CF514523AE5C1800857A3D /* Resources */ = {
			isa = PBXResourcesBuildPhase;
			buildActionMask = 2147483647;
			files = (
				93CF515723AE5C1A00857A3D /* LaunchScreen.storyboard in Resources */,
				93CF515423AE5C1A00857A3D /* Assets.xcassets in Resources */,
				93CF515223AE5C1800857A3D /* Main.storyboard in Resources */,
			);
			runOnlyForDeploymentPostprocessing = 0;
		};
/* End PBXResourcesBuildPhase section */

/* Begin PBXSourcesBuildPhase section */
		93CF514323AE5C1800857A3D /* Sources */ = {
			isa = PBXSourcesBuildPhase;
			buildActionMask = 2147483647;
			files = (
				934B7059241FC86400841159 /* StringQuestions.swift in Sources */,
				93DED8EC240DDC0C00D5592F /* TreeNode.swift in Sources */,
				936C43102415061C00A5D549 /* TreeQuestions.swift in Sources */,
				93841467240C9DFB00C5C973 /* LinkedListQuestions.swift in Sources */,
				93CF514F23AE5C1800857A3D /* ViewController.swift in Sources */,
				932F78F92425D591001EEC66 /* Queue.swift in Sources */,
				93FD713B2427804D0098BAB9 /* BinaryTree.swift in Sources */,
				93841463240AC0F300C5C973 /* ArrayQuestions.swift in Sources */,
				93841465240C9CC400C5C973 /* LinkedList.swift in Sources */,
				93CF514B23AE5C1800857A3D /* AppDelegate.swift in Sources */,
				93CF514D23AE5C1800857A3D /* SceneDelegate.swift in Sources */,
			);
			runOnlyForDeploymentPostprocessing = 0;
		};
/* End PBXSourcesBuildPhase section */

/* Begin PBXVariantGroup section */
		93CF515023AE5C1800857A3D /* Main.storyboard */ = {
			isa = PBXVariantGroup;
			children = (
				93CF515123AE5C1800857A3D /* Base */,
			);
			name = Main.storyboard;
			sourceTree = "<group>";
		};
		93CF515523AE5C1A00857A3D /* LaunchScreen.storyboard */ = {
			isa = PBXVariantGroup;
			children = (
				93CF515623AE5C1A00857A3D /* Base */,
			);
			name = LaunchScreen.storyboard;
			sourceTree = "<group>";
		};
/* End PBXVariantGroup section */

/* Begin XCBuildConfiguration section */
		93CF515923AE5C1A00857A3D /* Debug */ = {
			isa = XCBuildConfiguration;
			buildSettings = {
				ALWAYS_SEARCH_USER_PATHS = NO;
				CLANG_ANALYZER_NONNULL = YES;
				CLANG_ANALYZER_NUMBER_OBJECT_CONVERSION = YES_AGGRESSIVE;
				CLANG_CXX_LANGUAGE_STANDARD = "gnu++14";
				CLANG_CXX_LIBRARY = "libc++";
				CLANG_ENABLE_MODULES = YES;
				CLANG_ENABLE_OBJC_ARC = YES;
				CLANG_ENABLE_OBJC_WEAK = YES;
				CLANG_WARN_BLOCK_CAPTURE_AUTORELEASING = YES;
				CLANG_WARN_BOOL_CONVERSION = YES;
				CLANG_WARN_COMMA = YES;
				CLANG_WARN_CONSTANT_CONVERSION = YES;
				CLANG_WARN_DEPRECATED_OBJC_IMPLEMENTATIONS = YES;
				CLANG_WARN_DIRECT_OBJC_ISA_USAGE = YES_ERROR;
				CLANG_WARN_DOCUMENTATION_COMMENTS = YES;
				CLANG_WARN_EMPTY_BODY = YES;
				CLANG_WARN_ENUM_CONVERSION = YES;
				CLANG_WARN_INFINITE_RECURSION = YES;
				CLANG_WARN_INT_CONVERSION = YES;
				CLANG_WARN_NON_LITERAL_NULL_CONVERSION = YES;
				CLANG_WARN_OBJC_IMPLICIT_RETAIN_SELF = YES;
				CLANG_WARN_OBJC_LITERAL_CONVERSION = YES;
				CLANG_WARN_OBJC_ROOT_CLASS = YES_ERROR;
				CLANG_WARN_RANGE_LOOP_ANALYSIS = YES;
				CLANG_WARN_STRICT_PROTOTYPES = YES;
				CLANG_WARN_SUSPICIOUS_MOVE = YES;
				CLANG_WARN_UNGUARDED_AVAILABILITY = YES_AGGRESSIVE;
				CLANG_WARN_UNREACHABLE_CODE = YES;
				CLANG_WARN__DUPLICATE_METHOD_MATCH = YES;
				COPY_PHASE_STRIP = NO;
				DEBUG_INFORMATION_FORMAT = dwarf;
				ENABLE_STRICT_OBJC_MSGSEND = YES;
				ENABLE_TESTABILITY = YES;
				GCC_C_LANGUAGE_STANDARD = gnu11;
				GCC_DYNAMIC_NO_PIC = NO;
				GCC_NO_COMMON_BLOCKS = YES;
				GCC_OPTIMIZATION_LEVEL = 0;
				GCC_PREPROCESSOR_DEFINITIONS = (
					"DEBUG=1",
					"$(inherited)",
				);
				GCC_WARN_64_TO_32_BIT_CONVERSION = YES;
				GCC_WARN_ABOUT_RETURN_TYPE = YES_ERROR;
				GCC_WARN_UNDECLARED_SELECTOR = YES;
				GCC_WARN_UNINITIALIZED_AUTOS = YES_AGGRESSIVE;
				GCC_WARN_UNUSED_FUNCTION = YES;
				GCC_WARN_UNUSED_VARIABLE = YES;
				IPHONEOS_DEPLOYMENT_TARGET = 13.2;
				MTL_ENABLE_DEBUG_INFO = INCLUDE_SOURCE;
				MTL_FAST_MATH = YES;
				ONLY_ACTIVE_ARCH = YES;
				SDKROOT = iphoneos;
				SWIFT_ACTIVE_COMPILATION_CONDITIONS = DEBUG;
				SWIFT_OPTIMIZATION_LEVEL = "-Onone";
			};
			name = Debug;
		};
		93CF515A23AE5C1A00857A3D /* Release */ = {
			isa = XCBuildConfiguration;
			buildSettings = {
				ALWAYS_SEARCH_USER_PATHS = NO;
				CLANG_ANALYZER_NONNULL = YES;
				CLANG_ANALYZER_NUMBER_OBJECT_CONVERSION = YES_AGGRESSIVE;
				CLANG_CXX_LANGUAGE_STANDARD = "gnu++14";
				CLANG_CXX_LIBRARY = "libc++";
				CLANG_ENABLE_MODULES = YES;
				CLANG_ENABLE_OBJC_ARC = YES;
				CLANG_ENABLE_OBJC_WEAK = YES;
				CLANG_WARN_BLOCK_CAPTURE_AUTORELEASING = YES;
				CLANG_WARN_BOOL_CONVERSION = YES;
				CLANG_WARN_COMMA = YES;
				CLANG_WARN_CONSTANT_CONVERSION = YES;
				CLANG_WARN_DEPRECATED_OBJC_IMPLEMENTATIONS = YES;
				CLANG_WARN_DIRECT_OBJC_ISA_USAGE = YES_ERROR;
				CLANG_WARN_DOCUMENTATION_COMMENTS = YES;
				CLANG_WARN_EMPTY_BODY = YES;
				CLANG_WARN_ENUM_CONVERSION = YES;
				CLANG_WARN_INFINITE_RECURSION = YES;
				CLANG_WARN_INT_CONVERSION = YES;
				CLANG_WARN_NON_LITERAL_NULL_CONVERSION = YES;
				CLANG_WARN_OBJC_IMPLICIT_RETAIN_SELF = YES;
				CLANG_WARN_OBJC_LITERAL_CONVERSION = YES;
				CLANG_WARN_OBJC_ROOT_CLASS = YES_ERROR;
				CLANG_WARN_RANGE_LOOP_ANALYSIS = YES;
				CLANG_WARN_STRICT_PROTOTYPES = YES;
				CLANG_WARN_SUSPICIOUS_MOVE = YES;
				CLANG_WARN_UNGUARDED_AVAILABILITY = YES_AGGRESSIVE;
				CLANG_WARN_UNREACHABLE_CODE = YES;
				CLANG_WARN__DUPLICATE_METHOD_MATCH = YES;
				COPY_PHASE_STRIP = NO;
				DEBUG_INFORMATION_FORMAT = "dwarf-with-dsym";
				ENABLE_NS_ASSERTIONS = NO;
				ENABLE_STRICT_OBJC_MSGSEND = YES;
				GCC_C_LANGUAGE_STANDARD = gnu11;
				GCC_NO_COMMON_BLOCKS = YES;
				GCC_WARN_64_TO_32_BIT_CONVERSION = YES;
				GCC_WARN_ABOUT_RETURN_TYPE = YES_ERROR;
				GCC_WARN_UNDECLARED_SELECTOR = YES;
				GCC_WARN_UNINITIALIZED_AUTOS = YES_AGGRESSIVE;
				GCC_WARN_UNUSED_FUNCTION = YES;
				GCC_WARN_UNUSED_VARIABLE = YES;
				IPHONEOS_DEPLOYMENT_TARGET = 13.2;
				MTL_ENABLE_DEBUG_INFO = NO;
				MTL_FAST_MATH = YES;
				SDKROOT = iphoneos;
				SWIFT_COMPILATION_MODE = wholemodule;
				SWIFT_OPTIMIZATION_LEVEL = "-O";
				VALIDATE_PRODUCT = YES;
			};
			name = Release;
		};
		93CF515C23AE5C1A00857A3D /* Debug */ = {
			isa = XCBuildConfiguration;
			buildSettings = {
				ASSETCATALOG_COMPILER_APPICON_NAME = AppIcon;
				CODE_SIGN_STYLE = Automatic;
				INFOPLIST_FILE = DSQuestionBasket/Info.plist;
				LD_RUNPATH_SEARCH_PATHS = (
					"$(inherited)",
					"@executable_path/Frameworks",
				);
				PRODUCT_BUNDLE_IDENTIFIER = com.GoJek.DSQuestionBasket;
				PRODUCT_NAME = "$(TARGET_NAME)";
				SWIFT_VERSION = 5.0;
				TARGETED_DEVICE_FAMILY = "1,2";
			};
			name = Debug;
		};
		93CF515D23AE5C1A00857A3D /* Release */ = {
			isa = XCBuildConfiguration;
			buildSettings = {
				ASSETCATALOG_COMPILER_APPICON_NAME = AppIcon;
				CODE_SIGN_STYLE = Automatic;
				INFOPLIST_FILE = DSQuestionBasket/Info.plist;
				LD_RUNPATH_SEARCH_PATHS = (
					"$(inherited)",
					"@executable_path/Frameworks",
				);
				PRODUCT_BUNDLE_IDENTIFIER = com.GoJek.DSQuestionBasket;
				PRODUCT_NAME = "$(TARGET_NAME)";
				SWIFT_VERSION = 5.0;
				TARGETED_DEVICE_FAMILY = "1,2";
			};
			name = Release;
		};
/* End XCBuildConfiguration section */

/* Begin XCConfigurationList section */
		93CF514223AE5C1800857A3D /* Build configuration list for PBXProject "DSQuestionBasket" */ = {
			isa = XCConfigurationList;
			buildConfigurations = (
				93CF515923AE5C1A00857A3D /* Debug */,
				93CF515A23AE5C1A00857A3D /* Release */,
			);
			defaultConfigurationIsVisible = 0;
			defaultConfigurationName = Release;
		};
		93CF515B23AE5C1A00857A3D /* Build configuration list for PBXNativeTarget "DSQuestionBasket" */ = {
			isa = XCConfigurationList;
			buildConfigurations = (
				93CF515C23AE5C1A00857A3D /* Debug */,
				93CF515D23AE5C1A00857A3D /* Release */,
			);
			defaultConfigurationIsVisible = 0;
			defaultConfigurationName = Release;
		};
/* End XCConfigurationList section */
	};
	rootObject = 93CF513F23AE5C1800857A3D /* Project object */;
}
